// !$*UTF8*$!
{
	archiveVersion = 1;
	classes = {
	};
	objectVersion = 56;
	objects = {

/* Begin PBXBuildFile section */
		38601D242C2D70D500C6DB27 /* DIDManager.swift in Sources */ = {isa = PBXBuildFile; fileRef = 38601D232C2D70D500C6DB27 /* DIDManager.swift */; };
		38601D262C2D70F100C6DB27 /* DIDManagerDataModel.swift in Sources */ = {isa = PBXBuildFile; fileRef = 38601D252C2D70F100C6DB27 /* DIDManagerDataModel.swift */; };
		38601D292C2D722600C6DB27 /* VCManager.swift in Sources */ = {isa = PBXBuildFile; fileRef = 38601D282C2D722600C6DB27 /* VCManager.swift */; };
		38601D2B2C2D723100C6DB27 /* VCManagerDataModel.swift in Sources */ = {isa = PBXBuildFile; fileRef = 38601D2A2C2D723100C6DB27 /* VCManagerDataModel.swift */; };
		38601D2D2C2D723D00C6DB27 /* DIDManagerError.swift in Sources */ = {isa = PBXBuildFile; fileRef = 38601D2C2C2D723D00C6DB27 /* DIDManagerError.swift */; };
		38601D2F2C2D724600C6DB27 /* VCManagerError.swift in Sources */ = {isa = PBXBuildFile; fileRef = 38601D2E2C2D724600C6DB27 /* VCManagerError.swift */; };
		38601D312C2D82E400C6DB27 /* Date+Extension.swift in Sources */ = {isa = PBXBuildFile; fileRef = 38601D302C2D82E400C6DB27 /* Date+Extension.swift */; };
		38612B742CEB1F3E00A75AEA /* Encodable+Extension.swift in Sources */ = {isa = PBXBuildFile; fileRef = 38612B732CEB1F3E00A75AEA /* Encodable+Extension.swift */; };
		38612B762CEB1FF100A75AEA /* Data+Extension.swift in Sources */ = {isa = PBXBuildFile; fileRef = 38612B752CEB1FF100A75AEA /* Data+Extension.swift */; };
		386A15BC2C226F9D00CD5CD2 /* DIDCoreSDK.framework in Frameworks */ = {isa = PBXBuildFile; fileRef = 386A15B32C226F9D00CD5CD2 /* DIDCoreSDK.framework */; };
		386A15C12C226F9D00CD5CD2 /* DIDCoreSDKTests.swift in Sources */ = {isa = PBXBuildFile; fileRef = 386A15C02C226F9D00CD5CD2 /* DIDCoreSDKTests.swift */; };
		386A15C22C226F9D00CD5CD2 /* DIDCoreSDK.h in Headers */ = {isa = PBXBuildFile; fileRef = 386A15B62C226F9D00CD5CD2 /* DIDCoreSDK.h */; settings = {ATTRIBUTES = (Public, ); }; };
		386D3EEC2C2EAF1C00F3B626 /* DIDManagerTests.swift in Sources */ = {isa = PBXBuildFile; fileRef = 386D3EEB2C2EAF1C00F3B626 /* DIDManagerTests.swift */; };
		386D3EEE2C2EAF3800F3B626 /* VCManagerTests.swift in Sources */ = {isa = PBXBuildFile; fileRef = 386D3EED2C2EAF3800F3B626 /* VCManagerTests.swift */; };
		3870E55D2C4F8A7100940B94 /* Error+Extension.swift in Sources */ = {isa = PBXBuildFile; fileRef = 3870E55C2C4F8A7100940B94 /* Error+Extension.swift */; };
		387269DA2C52249400FCE60E /* CommonError.swift in Sources */ = {isa = PBXBuildFile; fileRef = 387269D92C52249400FCE60E /* CommonError.swift */; };
		38749F152C2BFEF1002C4BB1 /* StorageManager.swift in Sources */ = {isa = PBXBuildFile; fileRef = 38749F142C2BFEF1002C4BB1 /* StorageManager.swift */; };
		38749F172C2BFF08002C4BB1 /* StorageManagerProtocol.swift in Sources */ = {isa = PBXBuildFile; fileRef = 38749F162C2BFF08002C4BB1 /* StorageManagerProtocol.swift */; };
		38749F192C2BFF25002C4BB1 /* StorageManagerError.swift in Sources */ = {isa = PBXBuildFile; fileRef = 38749F182C2BFF25002C4BB1 /* StorageManagerError.swift */; };
		38749F1B2C2BFFD7002C4BB1 /* StorageManagerTests.swift in Sources */ = {isa = PBXBuildFile; fileRef = 38749F1A2C2BFFD7002C4BB1 /* StorageManagerTests.swift */; };
		38822FDE2C4E02BD003D1281 /* WalletCoreError.swift in Sources */ = {isa = PBXBuildFile; fileRef = 38822FDD2C4E02BD003D1281 /* WalletCoreError.swift */; };
		C9130B3B2C5389E400E378E2 /* PrivateKey+Extension.swift in Sources */ = {isa = PBXBuildFile; fileRef = C9130B3A2C5389E400E378E2 /* PrivateKey+Extension.swift */; };
		C914E9782C3CCD12007B1F19 /* SignableError.swift in Sources */ = {isa = PBXBuildFile; fileRef = C914E9772C3CCD12007B1F19 /* SignableError.swift */; };
		C914E97A2C3CD81C007B1F19 /* SecureEnclaveError.swift in Sources */ = {isa = PBXBuildFile; fileRef = C914E9792C3CD81C007B1F19 /* SecureEnclaveError.swift */; };
		C914E97C2C3CDDC8007B1F19 /* CFError+Extension.swift in Sources */ = {isa = PBXBuildFile; fileRef = C914E97B2C3CDDC8007B1F19 /* CFError+Extension.swift */; };
		C968597C2C2BB3B5008308AB /* SecureEnclaveManagerTests.swift in Sources */ = {isa = PBXBuildFile; fileRef = C968597B2C2BB3B5008308AB /* SecureEnclaveManagerTests.swift */; };
		C96859842C2BBA03008308AB /* HostAppApp.swift in Sources */ = {isa = PBXBuildFile; fileRef = C96859832C2BBA03008308AB /* HostAppApp.swift */; };
		C96859862C2BBA03008308AB /* ContentView.swift in Sources */ = {isa = PBXBuildFile; fileRef = C96859852C2BBA03008308AB /* ContentView.swift */; };
		C96859882C2BBA05008308AB /* Assets.xcassets in Resources */ = {isa = PBXBuildFile; fileRef = C96859872C2BBA05008308AB /* Assets.xcassets */; };
		C968598B2C2BBA05008308AB /* Preview Assets.xcassets in Resources */ = {isa = PBXBuildFile; fileRef = C968598A2C2BBA05008308AB /* Preview Assets.xcassets */; };
		C96859922C2BDD4D008308AB /* SecureEncryptorTests.swift in Sources */ = {isa = PBXBuildFile; fileRef = C96859912C2BDD4D008308AB /* SecureEncryptorTests.swift */; };
		C96859942C2BEB68008308AB /* KeyManagerTests.swift in Sources */ = {isa = PBXBuildFile; fileRef = C96859932C2BEB68008308AB /* KeyManagerTests.swift */; };
		C970E2072C3BA4B2008909A1 /* KeyManagerError.swift in Sources */ = {isa = PBXBuildFile; fileRef = C970E2062C3BA4B2008909A1 /* KeyManagerError.swift */; };
		C9712A4D2C9183BF00DE37D1 /* DIDDataModelSDK.xcframework in Frameworks */ = {isa = PBXBuildFile; fileRef = C9712A4C2C9183BF00DE37D1 /* DIDDataModelSDK.xcframework */; };
		C9712A512C9183CF00DE37D1 /* DIDUtilitySDK.xcframework in Frameworks */ = {isa = PBXBuildFile; fileRef = C9712A502C9183CF00DE37D1 /* DIDUtilitySDK.xcframework */; };
		C9B11F552C86EC7E004399D5 /* openssl.xcframework in Frameworks */ = {isa = PBXBuildFile; fileRef = C9D202142C290467001B5173 /* openssl.xcframework */; };
		C9C35E172C293E880038EA51 /* Data+Extension.swift in Sources */ = {isa = PBXBuildFile; fileRef = C9C35E162C293E880038EA51 /* Data+Extension.swift */; };
		C9C35E192C2942E40038EA51 /* SecKey+Extension.swift in Sources */ = {isa = PBXBuildFile; fileRef = C9C35E182C2942E40038EA51 /* SecKey+Extension.swift */; };
		C9C465252C2A53B400E88A3F /* Secp256R1ManagerTests.swift in Sources */ = {isa = PBXBuildFile; fileRef = C9C465242C2A53B400E88A3F /* Secp256R1ManagerTests.swift */; };
		C9C465272C2AA11900E88A3F /* String+Extension.swift in Sources */ = {isa = PBXBuildFile; fileRef = C9C465262C2AA11900E88A3F /* String+Extension.swift */; };
		C9D2021E2C290597001B5173 /* OpenSSLWrapper.h in Headers */ = {isa = PBXBuildFile; fileRef = C9D2021C2C290597001B5173 /* OpenSSLWrapper.h */; };
		C9D2021F2C290597001B5173 /* OpenSSLWrapper.m in Sources */ = {isa = PBXBuildFile; fileRef = C9D2021D2C290597001B5173 /* OpenSSLWrapper.m */; };
		C9D202222C29060B001B5173 /* KeyManager.swift in Sources */ = {isa = PBXBuildFile; fileRef = C9D202212C29060B001B5173 /* KeyManager.swift */; };
		C9D202252C290626001B5173 /* SecureEncryptor.swift in Sources */ = {isa = PBXBuildFile; fileRef = C9D202242C290626001B5173 /* SecureEncryptor.swift */; };
		C9D202292C290679001B5173 /* Secp256R1Manager.swift in Sources */ = {isa = PBXBuildFile; fileRef = C9D202282C290679001B5173 /* Secp256R1Manager.swift */; };
		C9D2022B2C2906A3001B5173 /* SecureEnclaveManager.swift in Sources */ = {isa = PBXBuildFile; fileRef = C9D2022A2C2906A3001B5173 /* SecureEnclaveManager.swift */; };
		C9D2022E2C2906F6001B5173 /* KeyManagerDataModel.swift in Sources */ = {isa = PBXBuildFile; fileRef = C9D2022D2C2906F6001B5173 /* KeyManagerDataModel.swift */; };
		C9D202312C290770001B5173 /* KeyManagerProtocol.swift in Sources */ = {isa = PBXBuildFile; fileRef = C9D202302C290770001B5173 /* KeyManagerProtocol.swift */; };
		C9D202342C2907B2001B5173 /* Enumerator.swift in Sources */ = {isa = PBXBuildFile; fileRef = C9D202332C2907B2001B5173 /* Enumerator.swift */; };
/* End PBXBuildFile section */

/* Begin PBXContainerItemProxy section */
		386A15BD2C226F9D00CD5CD2 /* PBXContainerItemProxy */ = {
			isa = PBXContainerItemProxy;
			containerPortal = 386A15AA2C226F9D00CD5CD2 /* Project object */;
			proxyType = 1;
			remoteGlobalIDString = 386A15B22C226F9D00CD5CD2;
			remoteInfo = OpenDID_WalletCore;
		};
		C968598F2C2BBA16008308AB /* PBXContainerItemProxy */ = {
			isa = PBXContainerItemProxy;
			containerPortal = 386A15AA2C226F9D00CD5CD2 /* Project object */;
			proxyType = 1;
			remoteGlobalIDString = C96859802C2BBA03008308AB;
			remoteInfo = HostApp;
		};
/* End PBXContainerItemProxy section */

/* Begin PBXFileReference section */
		38601D232C2D70D500C6DB27 /* DIDManager.swift */ = {isa = PBXFileReference; lastKnownFileType = sourcecode.swift; path = DIDManager.swift; sourceTree = "<group>"; };
		38601D252C2D70F100C6DB27 /* DIDManagerDataModel.swift */ = {isa = PBXFileReference; lastKnownFileType = sourcecode.swift; path = DIDManagerDataModel.swift; sourceTree = "<group>"; };
		38601D282C2D722600C6DB27 /* VCManager.swift */ = {isa = PBXFileReference; lastKnownFileType = sourcecode.swift; path = VCManager.swift; sourceTree = "<group>"; };
		38601D2A2C2D723100C6DB27 /* VCManagerDataModel.swift */ = {isa = PBXFileReference; lastKnownFileType = sourcecode.swift; path = VCManagerDataModel.swift; sourceTree = "<group>"; };
		38601D2C2C2D723D00C6DB27 /* DIDManagerError.swift */ = {isa = PBXFileReference; lastKnownFileType = sourcecode.swift; path = DIDManagerError.swift; sourceTree = "<group>"; };
		38601D2E2C2D724600C6DB27 /* VCManagerError.swift */ = {isa = PBXFileReference; lastKnownFileType = sourcecode.swift; path = VCManagerError.swift; sourceTree = "<group>"; };
		38601D302C2D82E400C6DB27 /* Date+Extension.swift */ = {isa = PBXFileReference; lastKnownFileType = sourcecode.swift; path = "Date+Extension.swift"; sourceTree = "<group>"; };
		38612B732CEB1F3E00A75AEA /* Encodable+Extension.swift */ = {isa = PBXFileReference; lastKnownFileType = sourcecode.swift; path = "Encodable+Extension.swift"; sourceTree = "<group>"; };
		38612B752CEB1FF100A75AEA /* Data+Extension.swift */ = {isa = PBXFileReference; lastKnownFileType = sourcecode.swift; path = "Data+Extension.swift"; sourceTree = "<group>"; };
		386A15B32C226F9D00CD5CD2 /* DIDCoreSDK.framework */ = {isa = PBXFileReference; explicitFileType = wrapper.framework; includeInIndex = 0; path = DIDCoreSDK.framework; sourceTree = BUILT_PRODUCTS_DIR; };
		386A15B62C226F9D00CD5CD2 /* DIDCoreSDK.h */ = {isa = PBXFileReference; lastKnownFileType = sourcecode.c.h; path = DIDCoreSDK.h; sourceTree = "<group>"; };
		386A15BB2C226F9D00CD5CD2 /* DIDCoreSDKTests.xctest */ = {isa = PBXFileReference; explicitFileType = wrapper.cfbundle; includeInIndex = 0; path = DIDCoreSDKTests.xctest; sourceTree = BUILT_PRODUCTS_DIR; };
		386A15C02C226F9D00CD5CD2 /* DIDCoreSDKTests.swift */ = {isa = PBXFileReference; lastKnownFileType = sourcecode.swift; path = DIDCoreSDKTests.swift; sourceTree = "<group>"; };
		386D3EEB2C2EAF1C00F3B626 /* DIDManagerTests.swift */ = {isa = PBXFileReference; lastKnownFileType = sourcecode.swift; path = DIDManagerTests.swift; sourceTree = "<group>"; };
		386D3EED2C2EAF3800F3B626 /* VCManagerTests.swift */ = {isa = PBXFileReference; lastKnownFileType = sourcecode.swift; path = VCManagerTests.swift; sourceTree = "<group>"; };
		3870E55C2C4F8A7100940B94 /* Error+Extension.swift */ = {isa = PBXFileReference; lastKnownFileType = sourcecode.swift; path = "Error+Extension.swift"; sourceTree = "<group>"; };
		387269D92C52249400FCE60E /* CommonError.swift */ = {isa = PBXFileReference; lastKnownFileType = sourcecode.swift; path = CommonError.swift; sourceTree = "<group>"; };
		38749F142C2BFEF1002C4BB1 /* StorageManager.swift */ = {isa = PBXFileReference; lastKnownFileType = sourcecode.swift; path = StorageManager.swift; sourceTree = "<group>"; };
		38749F162C2BFF08002C4BB1 /* StorageManagerProtocol.swift */ = {isa = PBXFileReference; lastKnownFileType = sourcecode.swift; path = StorageManagerProtocol.swift; sourceTree = "<group>"; };
		38749F182C2BFF25002C4BB1 /* StorageManagerError.swift */ = {isa = PBXFileReference; lastKnownFileType = sourcecode.swift; path = StorageManagerError.swift; sourceTree = "<group>"; };
		38749F1A2C2BFFD7002C4BB1 /* StorageManagerTests.swift */ = {isa = PBXFileReference; lastKnownFileType = sourcecode.swift; path = StorageManagerTests.swift; sourceTree = "<group>"; };
		38822FDD2C4E02BD003D1281 /* WalletCoreError.swift */ = {isa = PBXFileReference; lastKnownFileType = sourcecode.swift; path = WalletCoreError.swift; sourceTree = "<group>"; };
		C9130B3A2C5389E400E378E2 /* PrivateKey+Extension.swift */ = {isa = PBXFileReference; lastKnownFileType = sourcecode.swift; path = "PrivateKey+Extension.swift"; sourceTree = "<group>"; };
		C914E9772C3CCD12007B1F19 /* SignableError.swift */ = {isa = PBXFileReference; lastKnownFileType = sourcecode.swift; path = SignableError.swift; sourceTree = "<group>"; };
		C914E9792C3CD81C007B1F19 /* SecureEnclaveError.swift */ = {isa = PBXFileReference; lastKnownFileType = sourcecode.swift; path = SecureEnclaveError.swift; sourceTree = "<group>"; };
		C914E97B2C3CDDC8007B1F19 /* CFError+Extension.swift */ = {isa = PBXFileReference; lastKnownFileType = sourcecode.swift; path = "CFError+Extension.swift"; sourceTree = "<group>"; };
		C968597B2C2BB3B5008308AB /* SecureEnclaveManagerTests.swift */ = {isa = PBXFileReference; lastKnownFileType = sourcecode.swift; path = SecureEnclaveManagerTests.swift; sourceTree = "<group>"; };
		C96859812C2BBA03008308AB /* HostApp.app */ = {isa = PBXFileReference; explicitFileType = wrapper.application; includeInIndex = 0; path = HostApp.app; sourceTree = BUILT_PRODUCTS_DIR; };
		C96859832C2BBA03008308AB /* HostAppApp.swift */ = {isa = PBXFileReference; lastKnownFileType = sourcecode.swift; path = HostAppApp.swift; sourceTree = "<group>"; };
		C96859852C2BBA03008308AB /* ContentView.swift */ = {isa = PBXFileReference; lastKnownFileType = sourcecode.swift; path = ContentView.swift; sourceTree = "<group>"; };
		C96859872C2BBA05008308AB /* Assets.xcassets */ = {isa = PBXFileReference; lastKnownFileType = folder.assetcatalog; path = Assets.xcassets; sourceTree = "<group>"; };
		C968598A2C2BBA05008308AB /* Preview Assets.xcassets */ = {isa = PBXFileReference; lastKnownFileType = folder.assetcatalog; path = "Preview Assets.xcassets"; sourceTree = "<group>"; };
		C96859912C2BDD4D008308AB /* SecureEncryptorTests.swift */ = {isa = PBXFileReference; lastKnownFileType = sourcecode.swift; path = SecureEncryptorTests.swift; sourceTree = "<group>"; };
		C96859932C2BEB68008308AB /* KeyManagerTests.swift */ = {isa = PBXFileReference; lastKnownFileType = sourcecode.swift; path = KeyManagerTests.swift; sourceTree = "<group>"; };
		C970E2062C3BA4B2008909A1 /* KeyManagerError.swift */ = {isa = PBXFileReference; lastKnownFileType = sourcecode.swift; path = KeyManagerError.swift; sourceTree = "<group>"; };
		C9712A4C2C9183BF00DE37D1 /* DIDDataModelSDK.xcframework */ = {isa = PBXFileReference; lastKnownFileType = wrapper.xcframework; name = DIDDataModelSDK.xcframework; path = "../release/did-datamodel-sdk-ios-1.0.0/DIDDataModelSDK.xcframework"; sourceTree = "<group>"; };
		C9712A502C9183CF00DE37D1 /* DIDUtilitySDK.xcframework */ = {isa = PBXFileReference; lastKnownFileType = wrapper.xcframework; name = DIDUtilitySDK.xcframework; path = "../release/did-utility-sdk-ios-1.0.0/DIDUtilitySDK.xcframework"; sourceTree = "<group>"; };
		C9C35E162C293E880038EA51 /* Data+Extension.swift */ = {isa = PBXFileReference; lastKnownFileType = sourcecode.swift; path = "Data+Extension.swift"; sourceTree = "<group>"; };
		C9C35E182C2942E40038EA51 /* SecKey+Extension.swift */ = {isa = PBXFileReference; lastKnownFileType = sourcecode.swift; path = "SecKey+Extension.swift"; sourceTree = "<group>"; };
		C9C465242C2A53B400E88A3F /* Secp256R1ManagerTests.swift */ = {isa = PBXFileReference; lastKnownFileType = sourcecode.swift; path = Secp256R1ManagerTests.swift; sourceTree = "<group>"; };
		C9C465262C2AA11900E88A3F /* String+Extension.swift */ = {isa = PBXFileReference; lastKnownFileType = sourcecode.swift; path = "String+Extension.swift"; sourceTree = "<group>"; };
		C9D202142C290467001B5173 /* openssl.xcframework */ = {isa = PBXFileReference; lastKnownFileType = wrapper.xcframework; path = openssl.xcframework; sourceTree = "<group>"; };
		C9D2021C2C290597001B5173 /* OpenSSLWrapper.h */ = {isa = PBXFileReference; lastKnownFileType = sourcecode.c.h; path = OpenSSLWrapper.h; sourceTree = "<group>"; };
		C9D2021D2C290597001B5173 /* OpenSSLWrapper.m */ = {isa = PBXFileReference; lastKnownFileType = sourcecode.c.objc; path = OpenSSLWrapper.m; sourceTree = "<group>"; };
		C9D202202C2905C5001B5173 /* module.modulemap */ = {isa = PBXFileReference; lastKnownFileType = "sourcecode.module-map"; path = module.modulemap; sourceTree = "<group>"; };
		C9D202212C29060B001B5173 /* KeyManager.swift */ = {isa = PBXFileReference; lastKnownFileType = sourcecode.swift; path = KeyManager.swift; sourceTree = "<group>"; };
		C9D202242C290626001B5173 /* SecureEncryptor.swift */ = {isa = PBXFileReference; lastKnownFileType = sourcecode.swift; path = SecureEncryptor.swift; sourceTree = "<group>"; };
		C9D202282C290679001B5173 /* Secp256R1Manager.swift */ = {isa = PBXFileReference; lastKnownFileType = sourcecode.swift; path = Secp256R1Manager.swift; sourceTree = "<group>"; };
		C9D2022A2C2906A3001B5173 /* SecureEnclaveManager.swift */ = {isa = PBXFileReference; lastKnownFileType = sourcecode.swift; path = SecureEnclaveManager.swift; sourceTree = "<group>"; };
		C9D2022D2C2906F6001B5173 /* KeyManagerDataModel.swift */ = {isa = PBXFileReference; lastKnownFileType = sourcecode.swift; path = KeyManagerDataModel.swift; sourceTree = "<group>"; };
		C9D202302C290770001B5173 /* KeyManagerProtocol.swift */ = {isa = PBXFileReference; lastKnownFileType = sourcecode.swift; path = KeyManagerProtocol.swift; sourceTree = "<group>"; };
		C9D202332C2907B2001B5173 /* Enumerator.swift */ = {isa = PBXFileReference; lastKnownFileType = sourcecode.swift; path = Enumerator.swift; sourceTree = "<group>"; };
/* End PBXFileReference section */

/* Begin PBXFrameworksBuildPhase section */
		386A15B02C226F9D00CD5CD2 /* Frameworks */ = {
			isa = PBXFrameworksBuildPhase;
			buildActionMask = 2147483647;
			files = (
				C9712A4D2C9183BF00DE37D1 /* DIDDataModelSDK.xcframework in Frameworks */,
				C9712A512C9183CF00DE37D1 /* DIDUtilitySDK.xcframework in Frameworks */,
				C9B11F552C86EC7E004399D5 /* openssl.xcframework in Frameworks */,
			);
			runOnlyForDeploymentPostprocessing = 0;
		};
		386A15B82C226F9D00CD5CD2 /* Frameworks */ = {
			isa = PBXFrameworksBuildPhase;
			buildActionMask = 2147483647;
			files = (
				386A15BC2C226F9D00CD5CD2 /* DIDCoreSDK.framework in Frameworks */,
			);
			runOnlyForDeploymentPostprocessing = 0;
		};
		C968597E2C2BBA03008308AB /* Frameworks */ = {
			isa = PBXFrameworksBuildPhase;
			buildActionMask = 2147483647;
			files = (
			);
			runOnlyForDeploymentPostprocessing = 0;
		};
/* End PBXFrameworksBuildPhase section */

/* Begin PBXGroup section */
		38612B722CEB1F3300A75AEA /* Extensions */ = {
			isa = PBXGroup;
			children = (
				38612B732CEB1F3E00A75AEA /* Encodable+Extension.swift */,
				38612B752CEB1FF100A75AEA /* Data+Extension.swift */,
			);
			path = Extensions;
			sourceTree = "<group>";
		};
		386A15A92C226F9D00CD5CD2 = {
			isa = PBXGroup;
			children = (
				386A15B52C226F9D00CD5CD2 /* DIDCoreSDK */,
				386A15BF2C226F9D00CD5CD2 /* DIDCoreSDKTests */,
				C96859822C2BBA03008308AB /* HostApp */,
				386A15B42C226F9D00CD5CD2 /* Products */,
				C9D202112C290445001B5173 /* Frameworks */,
			);
			sourceTree = "<group>";
		};
		386A15B42C226F9D00CD5CD2 /* Products */ = {
			isa = PBXGroup;
			children = (
				386A15B32C226F9D00CD5CD2 /* DIDCoreSDK.framework */,
				386A15BB2C226F9D00CD5CD2 /* DIDCoreSDKTests.xctest */,
				C96859812C2BBA03008308AB /* HostApp.app */,
			);
			name = Products;
			sourceTree = "<group>";
		};
		386A15B52C226F9D00CD5CD2 /* DIDCoreSDK */ = {
			isa = PBXGroup;
			children = (
				386A15B62C226F9D00CD5CD2 /* DIDCoreSDK.h */,
				C94CA07B2C5B30C9009332C4 /* PublicComponent */,
				C94CA07C2C5B30D3009332C4 /* PrivateComponent */,
				C9D202322C2907A2001B5173 /* Enumerator */,
				C94CA07F2C5B4809009332C4 /* Protocol */,
				C94CA07D2C5B47F1009332C4 /* DataModel */,
				C94CA07E2C5B47FB009332C4 /* Error */,
				C9C35E152C293E570038EA51 /* Extension */,
				C9D202102C290438001B5173 /* Framework */,
			);
			path = DIDCoreSDK;
			sourceTree = "<group>";
		};
		386A15BF2C226F9D00CD5CD2 /* DIDCoreSDKTests */ = {
			isa = PBXGroup;
			children = (
				38612B722CEB1F3300A75AEA /* Extensions */,
				386A15C02C226F9D00CD5CD2 /* DIDCoreSDKTests.swift */,
				C9C465242C2A53B400E88A3F /* Secp256R1ManagerTests.swift */,
				C968597B2C2BB3B5008308AB /* SecureEnclaveManagerTests.swift */,
				C96859912C2BDD4D008308AB /* SecureEncryptorTests.swift */,
				C96859932C2BEB68008308AB /* KeyManagerTests.swift */,
				38749F1A2C2BFFD7002C4BB1 /* StorageManagerTests.swift */,
				386D3EEB2C2EAF1C00F3B626 /* DIDManagerTests.swift */,
				386D3EED2C2EAF3800F3B626 /* VCManagerTests.swift */,
			);
			path = DIDCoreSDKTests;
			sourceTree = "<group>";
		};
		C94CA07B2C5B30C9009332C4 /* PublicComponent */ = {
			isa = PBXGroup;
			children = (
				C9D202212C29060B001B5173 /* KeyManager.swift */,
				38601D232C2D70D500C6DB27 /* DIDManager.swift */,
				38601D282C2D722600C6DB27 /* VCManager.swift */,
				C9D202242C290626001B5173 /* SecureEncryptor.swift */,
			);
			path = PublicComponent;
			sourceTree = "<group>";
		};
		C94CA07C2C5B30D3009332C4 /* PrivateComponent */ = {
			isa = PBXGroup;
			children = (
				38749F142C2BFEF1002C4BB1 /* StorageManager.swift */,
				C9D202282C290679001B5173 /* Secp256R1Manager.swift */,
				C9D2022A2C2906A3001B5173 /* SecureEnclaveManager.swift */,
				C9D202182C290492001B5173 /* Bridging */,
			);
			path = PrivateComponent;
			sourceTree = "<group>";
		};
		C94CA07D2C5B47F1009332C4 /* DataModel */ = {
			isa = PBXGroup;
			children = (
				C9D2022D2C2906F6001B5173 /* KeyManagerDataModel.swift */,
				38601D252C2D70F100C6DB27 /* DIDManagerDataModel.swift */,
				38601D2A2C2D723100C6DB27 /* VCManagerDataModel.swift */,
			);
			path = DataModel;
			sourceTree = "<group>";
		};
		C94CA07E2C5B47FB009332C4 /* Error */ = {
			isa = PBXGroup;
			children = (
				38822FDD2C4E02BD003D1281 /* WalletCoreError.swift */,
				387269D92C52249400FCE60E /* CommonError.swift */,
				C970E2062C3BA4B2008909A1 /* KeyManagerError.swift */,
				38601D2C2C2D723D00C6DB27 /* DIDManagerError.swift */,
				38601D2E2C2D724600C6DB27 /* VCManagerError.swift */,
				38749F182C2BFF25002C4BB1 /* StorageManagerError.swift */,
				C914E9772C3CCD12007B1F19 /* SignableError.swift */,
				C914E9792C3CD81C007B1F19 /* SecureEnclaveError.swift */,
			);
			path = Error;
			sourceTree = "<group>";
		};
		C94CA07F2C5B4809009332C4 /* Protocol */ = {
			isa = PBXGroup;
			children = (
				C9D202302C290770001B5173 /* KeyManagerProtocol.swift */,
				38749F162C2BFF08002C4BB1 /* StorageManagerProtocol.swift */,
			);
			path = Protocol;
			sourceTree = "<group>";
		};
		C96859822C2BBA03008308AB /* HostApp */ = {
			isa = PBXGroup;
			children = (
				C96859832C2BBA03008308AB /* HostAppApp.swift */,
				C96859852C2BBA03008308AB /* ContentView.swift */,
				C96859872C2BBA05008308AB /* Assets.xcassets */,
				C96859892C2BBA05008308AB /* Preview Content */,
			);
			path = HostApp;
			sourceTree = "<group>";
		};
		C96859892C2BBA05008308AB /* Preview Content */ = {
			isa = PBXGroup;
			children = (
				C968598A2C2BBA05008308AB /* Preview Assets.xcassets */,
			);
			path = "Preview Content";
			sourceTree = "<group>";
		};
		C9C35E152C293E570038EA51 /* Extension */ = {
			isa = PBXGroup;
			children = (
				C9C35E162C293E880038EA51 /* Data+Extension.swift */,
				C9C35E182C2942E40038EA51 /* SecKey+Extension.swift */,
				C9C465262C2AA11900E88A3F /* String+Extension.swift */,
				38601D302C2D82E400C6DB27 /* Date+Extension.swift */,
				C914E97B2C3CDDC8007B1F19 /* CFError+Extension.swift */,
				3870E55C2C4F8A7100940B94 /* Error+Extension.swift */,
				C9130B3A2C5389E400E378E2 /* PrivateKey+Extension.swift */,
			);
			path = Extension;
			sourceTree = "<group>";
		};
		C9D202102C290438001B5173 /* Framework */ = {
			isa = PBXGroup;
			children = (
				C9D202142C290467001B5173 /* openssl.xcframework */,
			);
			path = Framework;
			sourceTree = "<group>";
		};
		C9D202112C290445001B5173 /* Frameworks */ = {
			isa = PBXGroup;
			children = (
				C9712A502C9183CF00DE37D1 /* DIDUtilitySDK.xcframework */,
				C9712A4C2C9183BF00DE37D1 /* DIDDataModelSDK.xcframework */,
			);
			name = Frameworks;
			sourceTree = "<group>";
		};
		C9D202182C290492001B5173 /* Bridging */ = {
			isa = PBXGroup;
			children = (
				C9D2021C2C290597001B5173 /* OpenSSLWrapper.h */,
				C9D2021D2C290597001B5173 /* OpenSSLWrapper.m */,
				C9D202202C2905C5001B5173 /* module.modulemap */,
			);
			path = Bridging;
			sourceTree = "<group>";
		};
		C9D202322C2907A2001B5173 /* Enumerator */ = {
			isa = PBXGroup;
			children = (
				C9D202332C2907B2001B5173 /* Enumerator.swift */,
			);
			path = Enumerator;
			sourceTree = "<group>";
		};
/* End PBXGroup section */

/* Begin PBXHeadersBuildPhase section */
		386A15AE2C226F9D00CD5CD2 /* Headers */ = {
			isa = PBXHeadersBuildPhase;
			buildActionMask = 2147483647;
			files = (
				386A15C22C226F9D00CD5CD2 /* DIDCoreSDK.h in Headers */,
				C9D2021E2C290597001B5173 /* OpenSSLWrapper.h in Headers */,
			);
			runOnlyForDeploymentPostprocessing = 0;
		};
/* End PBXHeadersBuildPhase section */

/* Begin PBXNativeTarget section */
		386A15B22C226F9D00CD5CD2 /* DIDCoreSDK */ = {
			isa = PBXNativeTarget;
			buildConfigurationList = 386A15C52C226F9D00CD5CD2 /* Build configuration list for PBXNativeTarget "DIDCoreSDK" */;
			buildPhases = (
				386A15AE2C226F9D00CD5CD2 /* Headers */,
				386A15AF2C226F9D00CD5CD2 /* Sources */,
				386A15B02C226F9D00CD5CD2 /* Frameworks */,
				386A15B12C226F9D00CD5CD2 /* Resources */,
			);
			buildRules = (
			);
			dependencies = (
			);
			name = DIDCoreSDK;
			productName = OpenDID_WalletCore;
			productReference = 386A15B32C226F9D00CD5CD2 /* DIDCoreSDK.framework */;
			productType = "com.apple.product-type.framework";
		};
		386A15BA2C226F9D00CD5CD2 /* DIDCoreSDKTests */ = {
			isa = PBXNativeTarget;
			buildConfigurationList = 386A15C82C226F9D00CD5CD2 /* Build configuration list for PBXNativeTarget "DIDCoreSDKTests" */;
			buildPhases = (
				386A15B72C226F9D00CD5CD2 /* Sources */,
				386A15B82C226F9D00CD5CD2 /* Frameworks */,
				386A15B92C226F9D00CD5CD2 /* Resources */,
			);
			buildRules = (
			);
			dependencies = (
				386A15BE2C226F9D00CD5CD2 /* PBXTargetDependency */,
				C96859902C2BBA16008308AB /* PBXTargetDependency */,
			);
			name = DIDCoreSDKTests;
			productName = OpenDID_WalletCoreTests;
			productReference = 386A15BB2C226F9D00CD5CD2 /* DIDCoreSDKTests.xctest */;
			productType = "com.apple.product-type.bundle.unit-test";
		};
		C96859802C2BBA03008308AB /* HostApp */ = {
			isa = PBXNativeTarget;
			buildConfigurationList = C968598E2C2BBA05008308AB /* Build configuration list for PBXNativeTarget "HostApp" */;
			buildPhases = (
				C968597D2C2BBA03008308AB /* Sources */,
				C968597E2C2BBA03008308AB /* Frameworks */,
				C968597F2C2BBA03008308AB /* Resources */,
			);
			buildRules = (
			);
			dependencies = (
			);
			name = HostApp;
			productName = HostApp;
			productReference = C96859812C2BBA03008308AB /* HostApp.app */;
			productType = "com.apple.product-type.application";
		};
/* End PBXNativeTarget section */

/* Begin PBXProject section */
		386A15AA2C226F9D00CD5CD2 /* Project object */ = {
			isa = PBXProject;
			attributes = {
				BuildIndependentTargetsInParallel = 1;
				LastSwiftUpdateCheck = 1540;
				LastUpgradeCheck = 1540;
				TargetAttributes = {
					386A15B22C226F9D00CD5CD2 = {
						CreatedOnToolsVersion = 15.4;
						LastSwiftMigration = 1540;
					};
					386A15BA2C226F9D00CD5CD2 = {
						CreatedOnToolsVersion = 15.4;
						TestTargetID = C96859802C2BBA03008308AB;
					};
					C96859802C2BBA03008308AB = {
						CreatedOnToolsVersion = 15.4;
					};
				};
			};
			buildConfigurationList = 386A15AD2C226F9D00CD5CD2 /* Build configuration list for PBXProject "DIDCoreSDK" */;
			compatibilityVersion = "Xcode 14.0";
			developmentRegion = en;
			hasScannedForEncodings = 0;
			knownRegions = (
				en,
				Base,
			);
			mainGroup = 386A15A92C226F9D00CD5CD2;
			productRefGroup = 386A15B42C226F9D00CD5CD2 /* Products */;
			projectDirPath = "";
			projectRoot = "";
			targets = (
				386A15B22C226F9D00CD5CD2 /* DIDCoreSDK */,
				386A15BA2C226F9D00CD5CD2 /* DIDCoreSDKTests */,
				C96859802C2BBA03008308AB /* HostApp */,
			);
		};
/* End PBXProject section */

/* Begin PBXResourcesBuildPhase section */
		386A15B12C226F9D00CD5CD2 /* Resources */ = {
			isa = PBXResourcesBuildPhase;
			buildActionMask = 2147483647;
			files = (
			);
			runOnlyForDeploymentPostprocessing = 0;
		};
		386A15B92C226F9D00CD5CD2 /* Resources */ = {
			isa = PBXResourcesBuildPhase;
			buildActionMask = 2147483647;
			files = (
			);
			runOnlyForDeploymentPostprocessing = 0;
		};
		C968597F2C2BBA03008308AB /* Resources */ = {
			isa = PBXResourcesBuildPhase;
			buildActionMask = 2147483647;
			files = (
				C968598B2C2BBA05008308AB /* Preview Assets.xcassets in Resources */,
				C96859882C2BBA05008308AB /* Assets.xcassets in Resources */,
			);
			runOnlyForDeploymentPostprocessing = 0;
		};
/* End PBXResourcesBuildPhase section */

/* Begin PBXSourcesBuildPhase section */
		386A15AF2C226F9D00CD5CD2 /* Sources */ = {
			isa = PBXSourcesBuildPhase;
			buildActionMask = 2147483647;
			files = (
				C9D2021F2C290597001B5173 /* OpenSSLWrapper.m in Sources */,
				C9C465272C2AA11900E88A3F /* String+Extension.swift in Sources */,
				C970E2072C3BA4B2008909A1 /* KeyManagerError.swift in Sources */,
				38601D2B2C2D723100C6DB27 /* VCManagerDataModel.swift in Sources */,
				3870E55D2C4F8A7100940B94 /* Error+Extension.swift in Sources */,
				C9D2022E2C2906F6001B5173 /* KeyManagerDataModel.swift in Sources */,
				38749F152C2BFEF1002C4BB1 /* StorageManager.swift in Sources */,
				C9D202222C29060B001B5173 /* KeyManager.swift in Sources */,
				C9D202252C290626001B5173 /* SecureEncryptor.swift in Sources */,
				C9130B3B2C5389E400E378E2 /* PrivateKey+Extension.swift in Sources */,
				C9D202292C290679001B5173 /* Secp256R1Manager.swift in Sources */,
				38601D242C2D70D500C6DB27 /* DIDManager.swift in Sources */,
				38749F172C2BFF08002C4BB1 /* StorageManagerProtocol.swift in Sources */,
				C9D202342C2907B2001B5173 /* Enumerator.swift in Sources */,
				38601D312C2D82E400C6DB27 /* Date+Extension.swift in Sources */,
				C914E97A2C3CD81C007B1F19 /* SecureEnclaveError.swift in Sources */,
				387269DA2C52249400FCE60E /* CommonError.swift in Sources */,
				C9D202312C290770001B5173 /* KeyManagerProtocol.swift in Sources */,
				C914E97C2C3CDDC8007B1F19 /* CFError+Extension.swift in Sources */,
				38601D262C2D70F100C6DB27 /* DIDManagerDataModel.swift in Sources */,
				38749F192C2BFF25002C4BB1 /* StorageManagerError.swift in Sources */,
				38822FDE2C4E02BD003D1281 /* WalletCoreError.swift in Sources */,
				C914E9782C3CCD12007B1F19 /* SignableError.swift in Sources */,
				C9C35E192C2942E40038EA51 /* SecKey+Extension.swift in Sources */,
				38601D2D2C2D723D00C6DB27 /* DIDManagerError.swift in Sources */,
				C9D2022B2C2906A3001B5173 /* SecureEnclaveManager.swift in Sources */,
				38601D2F2C2D724600C6DB27 /* VCManagerError.swift in Sources */,
				38601D292C2D722600C6DB27 /* VCManager.swift in Sources */,
				C9C35E172C293E880038EA51 /* Data+Extension.swift in Sources */,
			);
			runOnlyForDeploymentPostprocessing = 0;
		};
		386A15B72C226F9D00CD5CD2 /* Sources */ = {
			isa = PBXSourcesBuildPhase;
			buildActionMask = 2147483647;
			files = (
				386D3EEC2C2EAF1C00F3B626 /* DIDManagerTests.swift in Sources */,
				38612B742CEB1F3E00A75AEA /* Encodable+Extension.swift in Sources */,
				386A15C12C226F9D00CD5CD2 /* DIDCoreSDKTests.swift in Sources */,
				C96859922C2BDD4D008308AB /* SecureEncryptorTests.swift in Sources */,
				C968597C2C2BB3B5008308AB /* SecureEnclaveManagerTests.swift in Sources */,
				38749F1B2C2BFFD7002C4BB1 /* StorageManagerTests.swift in Sources */,
				C96859942C2BEB68008308AB /* KeyManagerTests.swift in Sources */,
				38612B762CEB1FF100A75AEA /* Data+Extension.swift in Sources */,
				386D3EEE2C2EAF3800F3B626 /* VCManagerTests.swift in Sources */,
				C9C465252C2A53B400E88A3F /* Secp256R1ManagerTests.swift in Sources */,
			);
			runOnlyForDeploymentPostprocessing = 0;
		};
		C968597D2C2BBA03008308AB /* Sources */ = {
			isa = PBXSourcesBuildPhase;
			buildActionMask = 2147483647;
			files = (
				C96859862C2BBA03008308AB /* ContentView.swift in Sources */,
				C96859842C2BBA03008308AB /* HostAppApp.swift in Sources */,
			);
			runOnlyForDeploymentPostprocessing = 0;
		};
/* End PBXSourcesBuildPhase section */

/* Begin PBXTargetDependency section */
		386A15BE2C226F9D00CD5CD2 /* PBXTargetDependency */ = {
			isa = PBXTargetDependency;
			target = 386A15B22C226F9D00CD5CD2 /* DIDCoreSDK */;
			targetProxy = 386A15BD2C226F9D00CD5CD2 /* PBXContainerItemProxy */;
		};
		C96859902C2BBA16008308AB /* PBXTargetDependency */ = {
			isa = PBXTargetDependency;
			target = C96859802C2BBA03008308AB /* HostApp */;
			targetProxy = C968598F2C2BBA16008308AB /* PBXContainerItemProxy */;
		};
/* End PBXTargetDependency section */

/* Begin XCBuildConfiguration section */
		386A15C32C226F9D00CD5CD2 /* Debug */ = {
			isa = XCBuildConfiguration;
			buildSettings = {
				ALWAYS_SEARCH_USER_PATHS = NO;
				ASSETCATALOG_COMPILER_GENERATE_SWIFT_ASSET_SYMBOL_EXTENSIONS = YES;
				CLANG_ANALYZER_NONNULL = YES;
				CLANG_ANALYZER_NUMBER_OBJECT_CONVERSION = YES_AGGRESSIVE;
				CLANG_CXX_LANGUAGE_STANDARD = "gnu++20";
				CLANG_ENABLE_MODULES = YES;
				CLANG_ENABLE_OBJC_ARC = YES;
				CLANG_ENABLE_OBJC_WEAK = YES;
				CLANG_WARN_BLOCK_CAPTURE_AUTORELEASING = YES;
				CLANG_WARN_BOOL_CONVERSION = YES;
				CLANG_WARN_COMMA = YES;
				CLANG_WARN_CONSTANT_CONVERSION = YES;
				CLANG_WARN_DEPRECATED_OBJC_IMPLEMENTATIONS = YES;
				CLANG_WARN_DIRECT_OBJC_ISA_USAGE = YES_ERROR;
				CLANG_WARN_DOCUMENTATION_COMMENTS = YES;
				CLANG_WARN_EMPTY_BODY = YES;
				CLANG_WARN_ENUM_CONVERSION = YES;
				CLANG_WARN_INFINITE_RECURSION = YES;
				CLANG_WARN_INT_CONVERSION = YES;
				CLANG_WARN_NON_LITERAL_NULL_CONVERSION = YES;
				CLANG_WARN_OBJC_IMPLICIT_RETAIN_SELF = YES;
				CLANG_WARN_OBJC_LITERAL_CONVERSION = YES;
				CLANG_WARN_OBJC_ROOT_CLASS = YES_ERROR;
				CLANG_WARN_QUOTED_INCLUDE_IN_FRAMEWORK_HEADER = YES;
				CLANG_WARN_RANGE_LOOP_ANALYSIS = YES;
				CLANG_WARN_STRICT_PROTOTYPES = YES;
				CLANG_WARN_SUSPICIOUS_MOVE = YES;
				CLANG_WARN_UNGUARDED_AVAILABILITY = YES_AGGRESSIVE;
				CLANG_WARN_UNREACHABLE_CODE = YES;
				CLANG_WARN__DUPLICATE_METHOD_MATCH = YES;
				COPY_PHASE_STRIP = NO;
				CURRENT_PROJECT_VERSION = 1;
				DEBUG_INFORMATION_FORMAT = dwarf;
				ENABLE_STRICT_OBJC_MSGSEND = YES;
				ENABLE_TESTABILITY = YES;
				ENABLE_USER_SCRIPT_SANDBOXING = YES;
				GCC_C_LANGUAGE_STANDARD = gnu17;
				GCC_DYNAMIC_NO_PIC = NO;
				GCC_NO_COMMON_BLOCKS = YES;
				GCC_OPTIMIZATION_LEVEL = 0;
				GCC_PREPROCESSOR_DEFINITIONS = (
					"DEBUG=1",
					"$(inherited)",
				);
				GCC_WARN_64_TO_32_BIT_CONVERSION = YES;
				GCC_WARN_ABOUT_RETURN_TYPE = YES_ERROR;
				GCC_WARN_UNDECLARED_SELECTOR = YES;
				GCC_WARN_UNINITIALIZED_AUTOS = YES_AGGRESSIVE;
				GCC_WARN_UNUSED_FUNCTION = YES;
				GCC_WARN_UNUSED_VARIABLE = YES;
				IPHONEOS_DEPLOYMENT_TARGET = 17.5;
				LOCALIZATION_PREFERS_STRING_CATALOGS = YES;
				MTL_ENABLE_DEBUG_INFO = INCLUDE_SOURCE;
				MTL_FAST_MATH = YES;
				ONLY_ACTIVE_ARCH = YES;
				SDKROOT = iphoneos;
				SWIFT_ACTIVE_COMPILATION_CONDITIONS = "DEBUG $(inherited)";
				SWIFT_OPTIMIZATION_LEVEL = "-Onone";
				VERSIONING_SYSTEM = "apple-generic";
				VERSION_INFO_PREFIX = "";
			};
			name = Debug;
		};
		386A15C42C226F9D00CD5CD2 /* Release */ = {
			isa = XCBuildConfiguration;
			buildSettings = {
				ALWAYS_SEARCH_USER_PATHS = NO;
				ASSETCATALOG_COMPILER_GENERATE_SWIFT_ASSET_SYMBOL_EXTENSIONS = YES;
				CLANG_ANALYZER_NONNULL = YES;
				CLANG_ANALYZER_NUMBER_OBJECT_CONVERSION = YES_AGGRESSIVE;
				CLANG_CXX_LANGUAGE_STANDARD = "gnu++20";
				CLANG_ENABLE_MODULES = YES;
				CLANG_ENABLE_OBJC_ARC = YES;
				CLANG_ENABLE_OBJC_WEAK = YES;
				CLANG_WARN_BLOCK_CAPTURE_AUTORELEASING = YES;
				CLANG_WARN_BOOL_CONVERSION = YES;
				CLANG_WARN_COMMA = YES;
				CLANG_WARN_CONSTANT_CONVERSION = YES;
				CLANG_WARN_DEPRECATED_OBJC_IMPLEMENTATIONS = YES;
				CLANG_WARN_DIRECT_OBJC_ISA_USAGE = YES_ERROR;
				CLANG_WARN_DOCUMENTATION_COMMENTS = YES;
				CLANG_WARN_EMPTY_BODY = YES;
				CLANG_WARN_ENUM_CONVERSION = YES;
				CLANG_WARN_INFINITE_RECURSION = YES;
				CLANG_WARN_INT_CONVERSION = YES;
				CLANG_WARN_NON_LITERAL_NULL_CONVERSION = YES;
				CLANG_WARN_OBJC_IMPLICIT_RETAIN_SELF = YES;
				CLANG_WARN_OBJC_LITERAL_CONVERSION = YES;
				CLANG_WARN_OBJC_ROOT_CLASS = YES_ERROR;
				CLANG_WARN_QUOTED_INCLUDE_IN_FRAMEWORK_HEADER = YES;
				CLANG_WARN_RANGE_LOOP_ANALYSIS = YES;
				CLANG_WARN_STRICT_PROTOTYPES = YES;
				CLANG_WARN_SUSPICIOUS_MOVE = YES;
				CLANG_WARN_UNGUARDED_AVAILABILITY = YES_AGGRESSIVE;
				CLANG_WARN_UNREACHABLE_CODE = YES;
				CLANG_WARN__DUPLICATE_METHOD_MATCH = YES;
				COPY_PHASE_STRIP = NO;
				CURRENT_PROJECT_VERSION = 1;
				DEBUG_INFORMATION_FORMAT = "dwarf-with-dsym";
				ENABLE_NS_ASSERTIONS = NO;
				ENABLE_STRICT_OBJC_MSGSEND = YES;
				ENABLE_USER_SCRIPT_SANDBOXING = YES;
				GCC_C_LANGUAGE_STANDARD = gnu17;
				GCC_NO_COMMON_BLOCKS = YES;
				GCC_WARN_64_TO_32_BIT_CONVERSION = YES;
				GCC_WARN_ABOUT_RETURN_TYPE = YES_ERROR;
				GCC_WARN_UNDECLARED_SELECTOR = YES;
				GCC_WARN_UNINITIALIZED_AUTOS = YES_AGGRESSIVE;
				GCC_WARN_UNUSED_FUNCTION = YES;
				GCC_WARN_UNUSED_VARIABLE = YES;
				IPHONEOS_DEPLOYMENT_TARGET = 17.5;
				LOCALIZATION_PREFERS_STRING_CATALOGS = YES;
				MTL_ENABLE_DEBUG_INFO = NO;
				MTL_FAST_MATH = YES;
				SDKROOT = iphoneos;
				SWIFT_COMPILATION_MODE = wholemodule;
				VALIDATE_PRODUCT = YES;
				VERSIONING_SYSTEM = "apple-generic";
				VERSION_INFO_PREFIX = "";
			};
			name = Release;
		};
		386A15C62C226F9D00CD5CD2 /* Debug */ = {
			isa = XCBuildConfiguration;
			buildSettings = {
				BUILD_LIBRARY_FOR_DISTRIBUTION = YES;
				CLANG_ENABLE_MODULES = YES;
				CODE_SIGN_STYLE = Manual;
				CURRENT_PROJECT_VERSION = 1;
				DEFINES_MODULE = YES;
				DEVELOPMENT_TEAM = "";
				DYLIB_COMPATIBILITY_VERSION = 1;
				DYLIB_CURRENT_VERSION = 1;
				DYLIB_INSTALL_NAME_BASE = "@rpath";
				ENABLE_MODULE_VERIFIER = YES;
				GENERATE_INFOPLIST_FILE = YES;
				INFOPLIST_KEY_NSHumanReadableCopyright = "";
				INSTALL_PATH = "$(LOCAL_LIBRARY_DIR)/Frameworks";
				IPHONEOS_DEPLOYMENT_TARGET = 15.0;
				LD_RUNPATH_SEARCH_PATHS = (
					"$(inherited)",
					"@executable_path/Frameworks",
					"@loader_path/Frameworks",
				);
				MARKETING_VERSION = 1.0.0;
				MODULE_VERIFIER_SUPPORTED_LANGUAGES = "objective-c objective-c++";
				MODULE_VERIFIER_SUPPORTED_LANGUAGE_STANDARDS = "gnu17 gnu++20";
				PRODUCT_BUNDLE_IDENTIFIER = org.omnione.did.sdk.core;
				PRODUCT_NAME = "$(TARGET_NAME:c99extidentifier)";
				PROVISIONING_PROFILE_SPECIFIER = "";
				SKIP_INSTALL = YES;
				SUPPORTED_PLATFORMS = "iphoneos iphonesimulator";
				SUPPORTS_MACCATALYST = NO;
				SWIFT_EMIT_LOC_STRINGS = YES;
				SWIFT_INCLUDE_PATHS = "$(SRCROOT)/DIDCoreSDK/PrivateComponent/Bridging";
				SWIFT_INSTALL_OBJC_HEADER = NO;
				SWIFT_OPTIMIZATION_LEVEL = "-Onone";
				SWIFT_VERSION = 5.0;
				TARGETED_DEVICE_FAMILY = "1,2";
			};
			name = Debug;
		};
		386A15C72C226F9D00CD5CD2 /* Release */ = {
			isa = XCBuildConfiguration;
			buildSettings = {
				BUILD_LIBRARY_FOR_DISTRIBUTION = YES;
				CLANG_ENABLE_MODULES = YES;
				CODE_SIGN_STYLE = Manual;
				CURRENT_PROJECT_VERSION = 1;
				DEFINES_MODULE = YES;
				DEVELOPMENT_TEAM = "";
				DYLIB_COMPATIBILITY_VERSION = 1;
				DYLIB_CURRENT_VERSION = 1;
				DYLIB_INSTALL_NAME_BASE = "@rpath";
				ENABLE_MODULE_VERIFIER = YES;
				GENERATE_INFOPLIST_FILE = YES;
				INFOPLIST_KEY_NSHumanReadableCopyright = "";
				INSTALL_PATH = "$(LOCAL_LIBRARY_DIR)/Frameworks";
				IPHONEOS_DEPLOYMENT_TARGET = 15.0;
				LD_RUNPATH_SEARCH_PATHS = (
					"$(inherited)",
					"@executable_path/Frameworks",
					"@loader_path/Frameworks",
				);
				MARKETING_VERSION = 1.0.0;
				MODULE_VERIFIER_SUPPORTED_LANGUAGES = "objective-c objective-c++";
				MODULE_VERIFIER_SUPPORTED_LANGUAGE_STANDARDS = "gnu17 gnu++20";
				PRODUCT_BUNDLE_IDENTIFIER = org.omnione.did.sdk.core;
				PRODUCT_NAME = "$(TARGET_NAME:c99extidentifier)";
				PROVISIONING_PROFILE_SPECIFIER = "";
				SKIP_INSTALL = YES;
				SUPPORTED_PLATFORMS = "iphoneos iphonesimulator";
				SUPPORTS_MACCATALYST = NO;
				SWIFT_EMIT_LOC_STRINGS = YES;
				SWIFT_INCLUDE_PATHS = "$(SRCROOT)/DIDCoreSDK/PrivateComponent/Bridging";
				SWIFT_INSTALL_OBJC_HEADER = NO;
				SWIFT_VERSION = 5.0;
				TARGETED_DEVICE_FAMILY = "1,2";
			};
			name = Release;
		};
		386A15C92C226F9D00CD5CD2 /* Debug */ = {
			isa = XCBuildConfiguration;
			buildSettings = {
				ALWAYS_EMBED_SWIFT_STANDARD_LIBRARIES = YES;
				CODE_SIGN_IDENTITY = "Apple Development";
				CODE_SIGN_STYLE = Automatic;
				CURRENT_PROJECT_VERSION = 1;
				DEVELOPMENT_TEAM = "";
				GENERATE_INFOPLIST_FILE = YES;
				MARKETING_VERSION = 1.0;
				PRODUCT_BUNDLE_IDENTIFIER = org.omnione.did.sdk.core.tests;
				PRODUCT_NAME = "$(TARGET_NAME)";
				PROVISIONING_PROFILE_SPECIFIER = "";
				SWIFT_EMIT_LOC_STRINGS = NO;
				SWIFT_VERSION = 5.0;
				TARGETED_DEVICE_FAMILY = "1,2";
				TEST_HOST = "$(BUILT_PRODUCTS_DIR)/HostApp.app/$(BUNDLE_EXECUTABLE_FOLDER_PATH)/HostApp";
			};
			name = Debug;
		};
		386A15CA2C226F9D00CD5CD2 /* Release */ = {
			isa = XCBuildConfiguration;
			buildSettings = {
				ALWAYS_EMBED_SWIFT_STANDARD_LIBRARIES = YES;
				CODE_SIGN_IDENTITY = "Apple Development";
				CODE_SIGN_STYLE = Automatic;
				CURRENT_PROJECT_VERSION = 1;
				DEVELOPMENT_TEAM = "";
				GENERATE_INFOPLIST_FILE = YES;
				MARKETING_VERSION = 1.0;
				PRODUCT_BUNDLE_IDENTIFIER = org.omnione.did.sdk.core.tests;
				PRODUCT_NAME = "$(TARGET_NAME)";
				PROVISIONING_PROFILE_SPECIFIER = "";
				SWIFT_EMIT_LOC_STRINGS = NO;
				SWIFT_VERSION = 5.0;
				TARGETED_DEVICE_FAMILY = "1,2";
				TEST_HOST = "$(BUILT_PRODUCTS_DIR)/HostApp.app/$(BUNDLE_EXECUTABLE_FOLDER_PATH)/HostApp";
			};
			name = Release;
		};
		C968598C2C2BBA05008308AB /* Debug */ = {
			isa = XCBuildConfiguration;
			buildSettings = {
				ASSETCATALOG_COMPILER_APPICON_NAME = AppIcon;
				ASSETCATALOG_COMPILER_GLOBAL_ACCENT_COLOR_NAME = AccentColor;
				CODE_SIGN_STYLE = Automatic;
				CURRENT_PROJECT_VERSION = 1;
				DEVELOPMENT_ASSET_PATHS = "\"HostApp/Preview Content\"";
				ENABLE_PREVIEWS = YES;
				GENERATE_INFOPLIST_FILE = YES;
				INFOPLIST_KEY_UIApplicationSceneManifest_Generation = YES;
				INFOPLIST_KEY_UIApplicationSupportsIndirectInputEvents = YES;
				INFOPLIST_KEY_UILaunchScreen_Generation = YES;
				INFOPLIST_KEY_UISupportedInterfaceOrientations_iPad = "UIInterfaceOrientationPortrait UIInterfaceOrientationPortraitUpsideDown UIInterfaceOrientationLandscapeLeft UIInterfaceOrientationLandscapeRight";
				INFOPLIST_KEY_UISupportedInterfaceOrientations_iPhone = "UIInterfaceOrientationPortrait UIInterfaceOrientationLandscapeLeft UIInterfaceOrientationLandscapeRight";
				LD_RUNPATH_SEARCH_PATHS = (
					"$(inherited)",
					"@executable_path/Frameworks",
				);
				MARKETING_VERSION = 1.0;
				PRODUCT_BUNDLE_IDENTIFIER = org.omnione.did.sdk.core.HostApp;
				PRODUCT_NAME = "$(TARGET_NAME)";
				SWIFT_EMIT_LOC_STRINGS = YES;
				SWIFT_VERSION = 5.0;
				TARGETED_DEVICE_FAMILY = "1,2";
			};
			name = Debug;
		};
		C968598D2C2BBA05008308AB /* Release */ = {
			isa = XCBuildConfiguration;
			buildSettings = {
				ASSETCATALOG_COMPILER_APPICON_NAME = AppIcon;
				ASSETCATALOG_COMPILER_GLOBAL_ACCENT_COLOR_NAME = AccentColor;
				CODE_SIGN_STYLE = Automatic;
				CURRENT_PROJECT_VERSION = 1;
				DEVELOPMENT_ASSET_PATHS = "\"HostApp/Preview Content\"";
				ENABLE_PREVIEWS = YES;
				GENERATE_INFOPLIST_FILE = YES;
				INFOPLIST_KEY_UIApplicationSceneManifest_Generation = YES;
				INFOPLIST_KEY_UIApplicationSupportsIndirectInputEvents = YES;
				INFOPLIST_KEY_UILaunchScreen_Generation = YES;
				INFOPLIST_KEY_UISupportedInterfaceOrientations_iPad = "UIInterfaceOrientationPortrait UIInterfaceOrientationPortraitUpsideDown UIInterfaceOrientationLandscapeLeft UIInterfaceOrientationLandscapeRight";
				INFOPLIST_KEY_UISupportedInterfaceOrientations_iPhone = "UIInterfaceOrientationPortrait UIInterfaceOrientationLandscapeLeft UIInterfaceOrientationLandscapeRight";
				LD_RUNPATH_SEARCH_PATHS = (
					"$(inherited)",
					"@executable_path/Frameworks",
				);
				MARKETING_VERSION = 1.0;
				PRODUCT_BUNDLE_IDENTIFIER = org.omnione.did.sdk.core.HostApp;
				PRODUCT_NAME = "$(TARGET_NAME)";
				SWIFT_EMIT_LOC_STRINGS = YES;
				SWIFT_VERSION = 5.0;
				TARGETED_DEVICE_FAMILY = "1,2";
			};
			name = Release;
		};
/* End XCBuildConfiguration section */

/* Begin XCConfigurationList section */
		386A15AD2C226F9D00CD5CD2 /* Build configuration list for PBXProject "DIDCoreSDK" */ = {
			isa = XCConfigurationList;
			buildConfigurations = (
				386A15C32C226F9D00CD5CD2 /* Debug */,
				386A15C42C226F9D00CD5CD2 /* Release */,
			);
			defaultConfigurationIsVisible = 0;
			defaultConfigurationName = Release;
		};
		386A15C52C226F9D00CD5CD2 /* Build configuration list for PBXNativeTarget "DIDCoreSDK" */ = {
			isa = XCConfigurationList;
			buildConfigurations = (
				386A15C62C226F9D00CD5CD2 /* Debug */,
				386A15C72C226F9D00CD5CD2 /* Release */,
			);
			defaultConfigurationIsVisible = 0;
			defaultConfigurationName = Release;
		};
		386A15C82C226F9D00CD5CD2 /* Build configuration list for PBXNativeTarget "DIDCoreSDKTests" */ = {
			isa = XCConfigurationList;
			buildConfigurations = (
				386A15C92C226F9D00CD5CD2 /* Debug */,
				386A15CA2C226F9D00CD5CD2 /* Release */,
			);
			defaultConfigurationIsVisible = 0;
			defaultConfigurationName = Release;
		};
		C968598E2C2BBA05008308AB /* Build configuration list for PBXNativeTarget "HostApp" */ = {
			isa = XCConfigurationList;
			buildConfigurations = (
				C968598C2C2BBA05008308AB /* Debug */,
				C968598D2C2BBA05008308AB /* Release */,
			);
			defaultConfigurationIsVisible = 0;
			defaultConfigurationName = Release;
		};
/* End XCConfigurationList section */
	};
	rootObject = 386A15AA2C226F9D00CD5CD2 /* Project object */;
}
